
Microsoft Visual Studio Solution File, Format Version 12.00
# Visual Studio Version 16
VisualStudioVersion = 16.0.32901.82
MinimumVisualStudioVersion = 10.0.40219.1
Project("{F14B399A-7131-4C87-9E4B-1186C45EF12D}") = "ReportSI_2", "ReportSI_2.rptproj", "{FDF1FDA7-6EFC-4B01-82CD-705B52F1643B}"
EndProject
Global
	GlobalSection(SolutionConfigurationPlatforms) = preSolution
		Debug|Default = Debug|Default
		DebugLocal|Default = DebugLocal|Default
		Release|Default = Release|Default
	EndGlobalSection
	GlobalSection(ProjectConfigurationPlatforms) = postSolution
		{FDF1FDA7-6EFC-4B01-82CD-705B52F1643B}.Debug|Default.ActiveCfg = Debug
		{FDF1FDA7-6EFC-4B01-82CD-705B52F1643B}.Debug|Default.Build.0 = Debug
		{FDF1FDA7-6EFC-4B01-82CD-705B52F1643B}.Debug|Default.Deploy.0 = Debug
		{FDF1FDA7-6EFC-4B01-82CD-705B52F1643B}.DebugLocal|Default.ActiveCfg = DebugLocal
		{FDF1FDA7-6EFC-4B01-82CD-705B52F1643B}.DebugLocal|Default.Build.0 = DebugLocal
		{FDF1FDA7-6EFC-4B01-82CD-705B52F1643B}.Release|Default.ActiveCfg = Release
		{FDF1FDA7-6EFC-4B01-82CD-705B52F1643B}.Release|Default.Build.0 = Release
		{FDF1FDA7-6EFC-4B01-82CD-705B52F1643B}.Release|Default.Deploy.0 = Release
	EndGlobalSection
	GlobalSection(SolutionProperties) = preSolution
		HideSolutionNode = FALSE
	EndGlobalSection
	GlobalSection(ExtensibilityGlobals) = postSolution
		SolutionGuid = {B2822B9D-0974-4573-A6F4-A92CF4799C84}
	EndGlobalSection
EndGlobal
